
Microsoft Visual Studio Solution File, Format Version 12.00
# Visual Studio Version 17
VisualStudioVersion = 17.5.33530.505
MinimumVisualStudioVersion = 10.0.40219.1
Project("{FAE04EC0-301F-11D3-BF4B-00C04F79EFBC}") = "Lambda2", "Lambda2\Lambda2.csproj", "{602C2ED9-0315-4F88-88C4-F87055244E0D}"
EndProject
Global
	GlobalSection(SolutionConfigurationPlatforms) = preSolution
		Debug|Any CPU = Debug|Any CPU
		Release|Any CPU = Release|Any CPU
	EndGlobalSection
	GlobalSection(ProjectConfigurationPlatforms) = postSolution
		{602C2ED9-0315-4F88-88C4-F87055244E0D}.Debug|Any CPU.ActiveCfg = Debug|Any CPU
		{602C2ED9-0315-4F88-88C4-F87055244E0D}.Debug|Any CPU.Build.0 = Debug|Any CPU
		{602C2ED9-0315-4F88-88C4-F87055244E0D}.Release|Any CPU.ActiveCfg = Release|Any CPU
		{602C2ED9-0315-4F88-88C4-F87055244E0D}.Release|Any CPU.Build.0 = Release|Any CPU
	EndGlobalSection
	GlobalSection(SolutionProperties) = preSolution
		HideSolutionNode = FALSE
	EndGlobalSection
	GlobalSection(ExtensibilityGlobals) = postSolution
		SolutionGuid = {FB402AD5-6F12-4BE8-9564-BF7882B085BB}
	EndGlobalSection
EndGlobal
