
Microsoft Visual Studio Solution File, Format Version 12.00
# Visual Studio Version 17
VisualStudioVersion = 17.5.33530.505
MinimumVisualStudioVersion = 10.0.40219.1
Project("{FAE04EC0-301F-11D3-BF4B-00C04F79EFBC}") = "Action", "Action\Action.csproj", "{5120B285-591F-4625-8915-AE8AD2B1905A}"
EndProject
Global
	GlobalSection(SolutionConfigurationPlatforms) = preSolution
		Debug|Any CPU = Debug|Any CPU
		Release|Any CPU = Release|Any CPU
	EndGlobalSection
	GlobalSection(ProjectConfigurationPlatforms) = postSolution
		{5120B285-591F-4625-8915-AE8AD2B1905A}.Debug|Any CPU.ActiveCfg = Debug|Any CPU
		{5120B285-591F-4625-8915-AE8AD2B1905A}.Debug|Any CPU.Build.0 = Debug|Any CPU
		{5120B285-591F-4625-8915-AE8AD2B1905A}.Release|Any CPU.ActiveCfg = Release|Any CPU
		{5120B285-591F-4625-8915-AE8AD2B1905A}.Release|Any CPU.Build.0 = Release|Any CPU
	EndGlobalSection
	GlobalSection(SolutionProperties) = preSolution
		HideSolutionNode = FALSE
	EndGlobalSection
	GlobalSection(ExtensibilityGlobals) = postSolution
		SolutionGuid = {B9D32687-0D40-45B7-AE92-B41DA777FDAD}
	EndGlobalSection
EndGlobal
