
Microsoft Visual Studio Solution File, Format Version 12.00
# Visual Studio Version 17
VisualStudioVersion = 17.5.33530.505
MinimumVisualStudioVersion = 10.0.40219.1
Project("{FAE04EC0-301F-11D3-BF4B-00C04F79EFBC}") = "Func", "Func\Func.csproj", "{34426644-2C47-49AB-97D4-1D32D1CC31A2}"
EndProject
Global
	GlobalSection(SolutionConfigurationPlatforms) = preSolution
		Debug|Any CPU = Debug|Any CPU
		Release|Any CPU = Release|Any CPU
	EndGlobalSection
	GlobalSection(ProjectConfigurationPlatforms) = postSolution
		{34426644-2C47-49AB-97D4-1D32D1CC31A2}.Debug|Any CPU.ActiveCfg = Debug|Any CPU
		{34426644-2C47-49AB-97D4-1D32D1CC31A2}.Debug|Any CPU.Build.0 = Debug|Any CPU
		{34426644-2C47-49AB-97D4-1D32D1CC31A2}.Release|Any CPU.ActiveCfg = Release|Any CPU
		{34426644-2C47-49AB-97D4-1D32D1CC31A2}.Release|Any CPU.Build.0 = Release|Any CPU
	EndGlobalSection
	GlobalSection(SolutionProperties) = preSolution
		HideSolutionNode = FALSE
	EndGlobalSection
	GlobalSection(ExtensibilityGlobals) = postSolution
		SolutionGuid = {3243815B-40E7-4591-AFB2-1CF1BE703C8F}
	EndGlobalSection
EndGlobal
