
Microsoft Visual Studio Solution File, Format Version 12.00
# Visual Studio Version 17
VisualStudioVersion = 17.5.33530.505
MinimumVisualStudioVersion = 10.0.40219.1
Project("{FAE04EC0-301F-11D3-BF4B-00C04F79EFBC}") = "Predicate", "Predicate\Predicate.csproj", "{6821378A-DC79-48E0-A2AA-52DEF2E8FD89}"
EndProject
Global
	GlobalSection(SolutionConfigurationPlatforms) = preSolution
		Debug|Any CPU = Debug|Any CPU
		Release|Any CPU = Release|Any CPU
	EndGlobalSection
	GlobalSection(ProjectConfigurationPlatforms) = postSolution
		{6821378A-DC79-48E0-A2AA-52DEF2E8FD89}.Debug|Any CPU.ActiveCfg = Debug|Any CPU
		{6821378A-DC79-48E0-A2AA-52DEF2E8FD89}.Debug|Any CPU.Build.0 = Debug|Any CPU
		{6821378A-DC79-48E0-A2AA-52DEF2E8FD89}.Release|Any CPU.ActiveCfg = Release|Any CPU
		{6821378A-DC79-48E0-A2AA-52DEF2E8FD89}.Release|Any CPU.Build.0 = Release|Any CPU
	EndGlobalSection
	GlobalSection(SolutionProperties) = preSolution
		HideSolutionNode = FALSE
	EndGlobalSection
	GlobalSection(ExtensibilityGlobals) = postSolution
		SolutionGuid = {0D827232-06ED-438A-833F-59A7FEBEE80B}
	EndGlobalSection
EndGlobal
