
Microsoft Visual Studio Solution File, Format Version 12.00
# Visual Studio Version 17
VisualStudioVersion = 17.5.33530.505
MinimumVisualStudioVersion = 10.0.40219.1
Project("{FAE04EC0-301F-11D3-BF4B-00C04F79EFBC}") = "Lambda", "Lambda\Lambda.csproj", "{0618D009-2C6F-4CAE-B005-39C94A8E2AFA}"
EndProject
Global
	GlobalSection(SolutionConfigurationPlatforms) = preSolution
		Debug|Any CPU = Debug|Any CPU
		Release|Any CPU = Release|Any CPU
	EndGlobalSection
	GlobalSection(ProjectConfigurationPlatforms) = postSolution
		{0618D009-2C6F-4CAE-B005-39C94A8E2AFA}.Debug|Any CPU.ActiveCfg = Debug|Any CPU
		{0618D009-2C6F-4CAE-B005-39C94A8E2AFA}.Debug|Any CPU.Build.0 = Debug|Any CPU
		{0618D009-2C6F-4CAE-B005-39C94A8E2AFA}.Release|Any CPU.ActiveCfg = Release|Any CPU
		{0618D009-2C6F-4CAE-B005-39C94A8E2AFA}.Release|Any CPU.Build.0 = Release|Any CPU
	EndGlobalSection
	GlobalSection(SolutionProperties) = preSolution
		HideSolutionNode = FALSE
	EndGlobalSection
	GlobalSection(ExtensibilityGlobals) = postSolution
		SolutionGuid = {01A66AE7-B27A-4B70-94AC-A36007F87F8F}
	EndGlobalSection
EndGlobal
